
Microsoft Visual Studio Solution File, Format Version 12.00
# Visual Studio Version 17
VisualStudioVersion = 17.5.33530.505
MinimumVisualStudioVersion = 10.0.40219.1
Project("{2150E333-8FDC-42A3-9474-1A3956D46DE8}") = "Services", "Services", "{E658AA3C-2BC0-4CDF-9867-E75070F4E8F6}"
EndProject
Project("{2150E333-8FDC-42A3-9474-1A3956D46DE8}") = "Catalog", "Catalog", "{1A0BDA1D-0663-404B-881E-C945ED74A0E3}"
EndProject
Project("{9A19103F-16F7-4668-BE54-9A1E7A4F7556}") = "Course.Services.Catalog", "Services\Catalog\Course.Services.Catalog\Course.Services.Catalog.csproj", "{7C6E6EBE-BAAF-41A6-A187-68FBA612B1DE}"
EndProject
Project("{2150E333-8FDC-42A3-9474-1A3956D46DE8}") = "Shared", "Shared", "{243B5AA0-F670-4372-A04D-E2A1ECAF624E}"
EndProject
Project("{9A19103F-16F7-4668-BE54-9A1E7A4F7556}") = "Course.Shared", "Shared\Course.Shared\Course.Shared.csproj", "{F1805B44-4403-44A6-9B3F-8201187910E7}"
EndProject
Project("{2150E333-8FDC-42A3-9474-1A3956D46DE8}") = "IdentityServer", "IdentityServer", "{341FF64F-53DF-49B2-9C97-47B3A4956E17}"
EndProject
Project("{9A19103F-16F7-4668-BE54-9A1E7A4F7556}") = "Course.IdentityServer", "IdentityServer\Course.IdentityServer\Course.IdentityServer.csproj", "{C213BD5C-BFD6-4EEE-96EB-84B723B1DA82}"
EndProject
Project("{2150E333-8FDC-42A3-9474-1A3956D46DE8}") = "PhotoStock", "PhotoStock", "{1356D692-3417-484A-836F-F772F858125A}"
EndProject
Project("{9A19103F-16F7-4668-BE54-9A1E7A4F7556}") = "Course.Services.PhotoStock", "Services\PhotoStock\Course.Services.PhotoStock\Course.Services.PhotoStock.csproj", "{2DE27539-848C-4F58-A39A-B5B8271CBCD5}"
EndProject
Project("{2150E333-8FDC-42A3-9474-1A3956D46DE8}") = "Basket", "Basket", "{EC5AD964-23DA-4F51-8DE5-D312A2310289}"
EndProject
Project("{9A19103F-16F7-4668-BE54-9A1E7A4F7556}") = "Course.Services.Basket", "Services\Basket\Course.Services.Basket\Course.Services.Basket.csproj", "{F3D94FAB-9C67-4578-BAA2-9BD8F85F7BBF}"
EndProject
Project("{2150E333-8FDC-42A3-9474-1A3956D46DE8}") = "Discount", "Discount", "{3BDAE1FB-9FD9-49C9-B1E3-46B9D86D94CE}"
EndProject
Project("{9A19103F-16F7-4668-BE54-9A1E7A4F7556}") = "Course.Services.Discount", "Services\Discount\Course.Services.Discount\Course.Services.Discount.csproj", "{B26C48D0-4C9C-446E-800E-4E8143648B97}"
EndProject
Project("{2150E333-8FDC-42A3-9474-1A3956D46DE8}") = "FakePayment", "FakePayment", "{50F0BFBF-FCED-456B-9839-8F5BB2B7D9FB}"
EndProject
Project("{9A19103F-16F7-4668-BE54-9A1E7A4F7556}") = "Course.Services.FakePayment", "Services\FakePayment\Course.Services.FakePayment\Course.Services.FakePayment.csproj", "{DF1F11BF-4F11-4537-9623-135031223E39}"
EndProject
Project("{2150E333-8FDC-42A3-9474-1A3956D46DE8}") = "Order", "Order", "{8C3E3BA4-A884-45C6-9DC8-16FBFF41D12B}"
EndProject
Project("{9A19103F-16F7-4668-BE54-9A1E7A4F7556}") = "Course.Services.Order.API", "Services\Order\Course.Services.Order.API\Course.Services.Order.API.csproj", "{58E597DF-09C4-4315-8A4D-73E79906B3C4}"
EndProject
Project("{9A19103F-16F7-4668-BE54-9A1E7A4F7556}") = "Course.Services.Order.Application", "Services\Order\Course.Services.Order.Application\Course.Services.Order.Application.csproj", "{8FAD48CE-52BC-44F0-828B-F6B6CFA604EF}"
EndProject
Project("{9A19103F-16F7-4668-BE54-9A1E7A4F7556}") = "Course.Services.Order.Domain", "Services\Order\Course.Services.Order.Domain\Course.Services.Order.Domain.csproj", "{3B82AC26-B463-43D7-A4DA-307D690AC124}"
EndProject
Project("{9A19103F-16F7-4668-BE54-9A1E7A4F7556}") = "Course.Services.Order.Domain.Core", "Services\Order\Course.Services.Order.Domain.Core\Course.Services.Order.Domain.Core.csproj", "{8587AA1D-9F0B-40FE-AB43-C2CF9B2C1D27}"
EndProject
Project("{9A19103F-16F7-4668-BE54-9A1E7A4F7556}") = "Course.Services.Order.Infrastructure", "Services\Order\Course.Services.Order.Infrastructure\Course.Services.Order.Infrastructure.csproj", "{DAF98474-1C3B-4E37-9E4A-73327B94F189}"
EndProject
Project("{2150E333-8FDC-42A3-9474-1A3956D46DE8}") = "Gateways", "Gateways", "{D76E09EE-833C-4E9F-83B8-961E9815A09E}"
EndProject
Project("{FAE04EC0-301F-11D3-BF4B-00C04F79EFBC}") = "Course.Gateway", "Gateways\Course.Gateway\Course.Gateway.csproj", "{D4377634-7575-40FB-A488-6D3FE0F754EA}"
EndProject
Project("{2150E333-8FDC-42A3-9474-1A3956D46DE8}") = "Clients", "Clients", "{A620F854-E6F6-4653-9AB3-DEA89DA33F0C}"
EndProject
Project("{FAE04EC0-301F-11D3-BF4B-00C04F79EFBC}") = "Course.Web", "Clients\Course.Web\Course.Web.csproj", "{E08E3EAD-525B-4E83-9BAE-0445B687ADC1}"
EndProject
Global
	GlobalSection(SolutionConfigurationPlatforms) = preSolution
		Debug|Any CPU = Debug|Any CPU
		Release|Any CPU = Release|Any CPU
	EndGlobalSection
	GlobalSection(ProjectConfigurationPlatforms) = postSolution
		{7C6E6EBE-BAAF-41A6-A187-68FBA612B1DE}.Debug|Any CPU.ActiveCfg = Debug|Any CPU
		{7C6E6EBE-BAAF-41A6-A187-68FBA612B1DE}.Debug|Any CPU.Build.0 = Debug|Any CPU
		{7C6E6EBE-BAAF-41A6-A187-68FBA612B1DE}.Release|Any CPU.ActiveCfg = Release|Any CPU
		{7C6E6EBE-BAAF-41A6-A187-68FBA612B1DE}.Release|Any CPU.Build.0 = Release|Any CPU
		{F1805B44-4403-44A6-9B3F-8201187910E7}.Debug|Any CPU.ActiveCfg = Debug|Any CPU
		{F1805B44-4403-44A6-9B3F-8201187910E7}.Debug|Any CPU.Build.0 = Debug|Any CPU
		{F1805B44-4403-44A6-9B3F-8201187910E7}.Release|Any CPU.ActiveCfg = Release|Any CPU
		{F1805B44-4403-44A6-9B3F-8201187910E7}.Release|Any CPU.Build.0 = Release|Any CPU
		{C213BD5C-BFD6-4EEE-96EB-84B723B1DA82}.Debug|Any CPU.ActiveCfg = Debug|Any CPU
		{C213BD5C-BFD6-4EEE-96EB-84B723B1DA82}.Debug|Any CPU.Build.0 = Debug|Any CPU
		{C213BD5C-BFD6-4EEE-96EB-84B723B1DA82}.Release|Any CPU.ActiveCfg = Release|Any CPU
		{C213BD5C-BFD6-4EEE-96EB-84B723B1DA82}.Release|Any CPU.Build.0 = Release|Any CPU
		{2DE27539-848C-4F58-A39A-B5B8271CBCD5}.Debug|Any CPU.ActiveCfg = Debug|Any CPU
		{2DE27539-848C-4F58-A39A-B5B8271CBCD5}.Debug|Any CPU.Build.0 = Debug|Any CPU
		{2DE27539-848C-4F58-A39A-B5B8271CBCD5}.Release|Any CPU.ActiveCfg = Release|Any CPU
		{2DE27539-848C-4F58-A39A-B5B8271CBCD5}.Release|Any CPU.Build.0 = Release|Any CPU
		{F3D94FAB-9C67-4578-BAA2-9BD8F85F7BBF}.Debug|Any CPU.ActiveCfg = Debug|Any CPU
		{F3D94FAB-9C67-4578-BAA2-9BD8F85F7BBF}.Debug|Any CPU.Build.0 = Debug|Any CPU
		{F3D94FAB-9C67-4578-BAA2-9BD8F85F7BBF}.Release|Any CPU.ActiveCfg = Release|Any CPU
		{F3D94FAB-9C67-4578-BAA2-9BD8F85F7BBF}.Release|Any CPU.Build.0 = Release|Any CPU
		{B26C48D0-4C9C-446E-800E-4E8143648B97}.Debug|Any CPU.ActiveCfg = Debug|Any CPU
		{B26C48D0-4C9C-446E-800E-4E8143648B97}.Debug|Any CPU.Build.0 = Debug|Any CPU
		{B26C48D0-4C9C-446E-800E-4E8143648B97}.Release|Any CPU.ActiveCfg = Release|Any CPU
		{B26C48D0-4C9C-446E-800E-4E8143648B97}.Release|Any CPU.Build.0 = Release|Any CPU
		{DF1F11BF-4F11-4537-9623-135031223E39}.Debug|Any CPU.ActiveCfg = Debug|Any CPU
		{DF1F11BF-4F11-4537-9623-135031223E39}.Debug|Any CPU.Build.0 = Debug|Any CPU
		{DF1F11BF-4F11-4537-9623-135031223E39}.Release|Any CPU.ActiveCfg = Release|Any CPU
		{DF1F11BF-4F11-4537-9623-135031223E39}.Release|Any CPU.Build.0 = Release|Any CPU
		{58E597DF-09C4-4315-8A4D-73E79906B3C4}.Debug|Any CPU.ActiveCfg = Debug|Any CPU
		{58E597DF-09C4-4315-8A4D-73E79906B3C4}.Debug|Any CPU.Build.0 = Debug|Any CPU
		{58E597DF-09C4-4315-8A4D-73E79906B3C4}.Release|Any CPU.ActiveCfg = Release|Any CPU
		{58E597DF-09C4-4315-8A4D-73E79906B3C4}.Release|Any CPU.Build.0 = Release|Any CPU
		{8FAD48CE-52BC-44F0-828B-F6B6CFA604EF}.Debug|Any CPU.ActiveCfg = Debug|Any CPU
		{8FAD48CE-52BC-44F0-828B-F6B6CFA604EF}.Debug|Any CPU.Build.0 = Debug|Any CPU
		{8FAD48CE-52BC-44F0-828B-F6B6CFA604EF}.Release|Any CPU.ActiveCfg = Release|Any CPU
		{8FAD48CE-52BC-44F0-828B-F6B6CFA604EF}.Release|Any CPU.Build.0 = Release|Any CPU
		{3B82AC26-B463-43D7-A4DA-307D690AC124}.Debug|Any CPU.ActiveCfg = Debug|Any CPU
		{3B82AC26-B463-43D7-A4DA-307D690AC124}.Debug|Any CPU.Build.0 = Debug|Any CPU
		{3B82AC26-B463-43D7-A4DA-307D690AC124}.Release|Any CPU.ActiveCfg = Release|Any CPU
		{3B82AC26-B463-43D7-A4DA-307D690AC124}.Release|Any CPU.Build.0 = Release|Any CPU
		{8587AA1D-9F0B-40FE-AB43-C2CF9B2C1D27}.Debug|Any CPU.ActiveCfg = Debug|Any CPU
		{8587AA1D-9F0B-40FE-AB43-C2CF9B2C1D27}.Debug|Any CPU.Build.0 = Debug|Any CPU
		{8587AA1D-9F0B-40FE-AB43-C2CF9B2C1D27}.Release|Any CPU.ActiveCfg = Release|Any CPU
		{8587AA1D-9F0B-40FE-AB43-C2CF9B2C1D27}.Release|Any CPU.Build.0 = Release|Any CPU
		{DAF98474-1C3B-4E37-9E4A-73327B94F189}.Debug|Any CPU.ActiveCfg = Debug|Any CPU
		{DAF98474-1C3B-4E37-9E4A-73327B94F189}.Debug|Any CPU.Build.0 = Debug|Any CPU
		{DAF98474-1C3B-4E37-9E4A-73327B94F189}.Release|Any CPU.ActiveCfg = Release|Any CPU
		{DAF98474-1C3B-4E37-9E4A-73327B94F189}.Release|Any CPU.Build.0 = Release|Any CPU
		{D4377634-7575-40FB-A488-6D3FE0F754EA}.Debug|Any CPU.ActiveCfg = Debug|Any CPU
		{D4377634-7575-40FB-A488-6D3FE0F754EA}.Debug|Any CPU.Build.0 = Debug|Any CPU
		{D4377634-7575-40FB-A488-6D3FE0F754EA}.Release|Any CPU.ActiveCfg = Release|Any CPU
		{D4377634-7575-40FB-A488-6D3FE0F754EA}.Release|Any CPU.Build.0 = Release|Any CPU
		{E08E3EAD-525B-4E83-9BAE-0445B687ADC1}.Debug|Any CPU.ActiveCfg = Debug|Any CPU
		{E08E3EAD-525B-4E83-9BAE-0445B687ADC1}.Debug|Any CPU.Build.0 = Debug|Any CPU
		{E08E3EAD-525B-4E83-9BAE-0445B687ADC1}.Release|Any CPU.ActiveCfg = Release|Any CPU
		{E08E3EAD-525B-4E83-9BAE-0445B687ADC1}.Release|Any CPU.Build.0 = Release|Any CPU
	EndGlobalSection
	GlobalSection(SolutionProperties) = preSolution
		HideSolutionNode = FALSE
	EndGlobalSection
	GlobalSection(NestedProjects) = preSolution
		{1A0BDA1D-0663-404B-881E-C945ED74A0E3} = {E658AA3C-2BC0-4CDF-9867-E75070F4E8F6}
		{7C6E6EBE-BAAF-41A6-A187-68FBA612B1DE} = {1A0BDA1D-0663-404B-881E-C945ED74A0E3}
		{F1805B44-4403-44A6-9B3F-8201187910E7} = {243B5AA0-F670-4372-A04D-E2A1ECAF624E}
		{C213BD5C-BFD6-4EEE-96EB-84B723B1DA82} = {341FF64F-53DF-49B2-9C97-47B3A4956E17}
		{1356D692-3417-484A-836F-F772F858125A} = {E658AA3C-2BC0-4CDF-9867-E75070F4E8F6}
		{2DE27539-848C-4F58-A39A-B5B8271CBCD5} = {1356D692-3417-484A-836F-F772F858125A}
		{EC5AD964-23DA-4F51-8DE5-D312A2310289} = {E658AA3C-2BC0-4CDF-9867-E75070F4E8F6}
		{F3D94FAB-9C67-4578-BAA2-9BD8F85F7BBF} = {EC5AD964-23DA-4F51-8DE5-D312A2310289}
		{3BDAE1FB-9FD9-49C9-B1E3-46B9D86D94CE} = {E658AA3C-2BC0-4CDF-9867-E75070F4E8F6}
		{B26C48D0-4C9C-446E-800E-4E8143648B97} = {3BDAE1FB-9FD9-49C9-B1E3-46B9D86D94CE}
		{50F0BFBF-FCED-456B-9839-8F5BB2B7D9FB} = {E658AA3C-2BC0-4CDF-9867-E75070F4E8F6}
		{DF1F11BF-4F11-4537-9623-135031223E39} = {50F0BFBF-FCED-456B-9839-8F5BB2B7D9FB}
		{8C3E3BA4-A884-45C6-9DC8-16FBFF41D12B} = {E658AA3C-2BC0-4CDF-9867-E75070F4E8F6}
		{58E597DF-09C4-4315-8A4D-73E79906B3C4} = {8C3E3BA4-A884-45C6-9DC8-16FBFF41D12B}
		{8FAD48CE-52BC-44F0-828B-F6B6CFA604EF} = {8C3E3BA4-A884-45C6-9DC8-16FBFF41D12B}
		{3B82AC26-B463-43D7-A4DA-307D690AC124} = {8C3E3BA4-A884-45C6-9DC8-16FBFF41D12B}
		{8587AA1D-9F0B-40FE-AB43-C2CF9B2C1D27} = {8C3E3BA4-A884-45C6-9DC8-16FBFF41D12B}
		{DAF98474-1C3B-4E37-9E4A-73327B94F189} = {8C3E3BA4-A884-45C6-9DC8-16FBFF41D12B}
		{D4377634-7575-40FB-A488-6D3FE0F754EA} = {D76E09EE-833C-4E9F-83B8-961E9815A09E}
		{E08E3EAD-525B-4E83-9BAE-0445B687ADC1} = {A620F854-E6F6-4653-9AB3-DEA89DA33F0C}
	EndGlobalSection
	GlobalSection(ExtensibilityGlobals) = postSolution
		SolutionGuid = {2E804388-1917-4073-B9D3-4CD8504BCC7F}
	EndGlobalSection
EndGlobal
